
Microsoft Visual Studio Solution File, Format Version 11.00
# Visual Studio 2010
Project("{FAE04EC0-301F-11D3-BF4B-00C04F79EFBC}") = "Assembly-CSharp", "Assembly-CSharp.csproj", "{1C22697A-FB69-3920-0701-1C963B3F6F29}"
EndProject
Project("{FAE04EC0-301F-11D3-BF4B-00C04F79EFBC}") = "Assembly-CSharp-Editor", "Assembly-CSharp-Editor.csproj", "{F7620E91-18EF-BDD7-2E1C-BD79C637B8E2}"
EndProject
Global
	GlobalSection(SolutionConfigurationPlatforms) = preSolution
		Debug|Any CPU = Debug|Any CPU
		Release|Any CPU = Release|Any CPU
	EndGlobalSection
	GlobalSection(ProjectConfigurationPlatforms) = postSolution
		{1C22697A-FB69-3920-0701-1C963B3F6F29}.Debug|Any CPU.ActiveCfg = Debug|Any CPU
		{1C22697A-FB69-3920-0701-1C963B3F6F29}.Debug|Any CPU.Build.0 = Debug|Any CPU
		{1C22697A-FB69-3920-0701-1C963B3F6F29}.Release|Any CPU.ActiveCfg = Release|Any CPU
		{1C22697A-FB69-3920-0701-1C963B3F6F29}.Release|Any CPU.Build.0 = Release|Any CPU
		{F7620E91-18EF-BDD7-2E1C-BD79C637B8E2}.Debug|Any CPU.ActiveCfg = Debug|Any CPU
		{F7620E91-18EF-BDD7-2E1C-BD79C637B8E2}.Debug|Any CPU.Build.0 = Debug|Any CPU
		{F7620E91-18EF-BDD7-2E1C-BD79C637B8E2}.Release|Any CPU.ActiveCfg = Release|Any CPU
		{F7620E91-18EF-BDD7-2E1C-BD79C637B8E2}.Release|Any CPU.Build.0 = Release|Any CPU
	EndGlobalSection
	GlobalSection(SolutionProperties) = preSolution
		HideSolutionNode = FALSE
	EndGlobalSection
	GlobalSection(MonoDevelopProperties) = preSolution
		StartupItem = Assembly-CSharp.csproj
	EndGlobalSection
EndGlobal
