
Microsoft Visual Studio Solution File, Format Version 12.00
# Visual Studio for Mac
Project("{FAE04EC0-301F-11D3-BF4B-00C04F79EFBC}") = "Assembly-CSharp", "Assembly-CSharp.csproj", "{BFD63363-78C6-135D-E784-03205347C266}"
EndProject
Project("{FAE04EC0-301F-11D3-BF4B-00C04F79EFBC}") = "Assembly-CSharp-Editor", "Assembly-CSharp-Editor.csproj", "{017FC01D-025B-C3BA-49C3-F7DEA608218F}"
EndProject
Global
	GlobalSection(SolutionConfigurationPlatforms) = preSolution
		Debug|Any CPU = Debug|Any CPU
		Release|Any CPU = Release|Any CPU
	EndGlobalSection
	GlobalSection(ProjectConfigurationPlatforms) = postSolution
		{BFD63363-78C6-135D-E784-03205347C266}.Debug|Any CPU.ActiveCfg = Debug|Any CPU
		{BFD63363-78C6-135D-E784-03205347C266}.Debug|Any CPU.Build.0 = Debug|Any CPU
		{BFD63363-78C6-135D-E784-03205347C266}.Release|Any CPU.ActiveCfg = Release|Any CPU
		{BFD63363-78C6-135D-E784-03205347C266}.Release|Any CPU.Build.0 = Release|Any CPU
		{017FC01D-025B-C3BA-49C3-F7DEA608218F}.Debug|Any CPU.ActiveCfg = Debug|Any CPU
		{017FC01D-025B-C3BA-49C3-F7DEA608218F}.Debug|Any CPU.Build.0 = Debug|Any CPU
		{017FC01D-025B-C3BA-49C3-F7DEA608218F}.Release|Any CPU.ActiveCfg = Release|Any CPU
		{017FC01D-025B-C3BA-49C3-F7DEA608218F}.Release|Any CPU.Build.0 = Release|Any CPU
	EndGlobalSection
	GlobalSection(SolutionProperties) = preSolution
		HideSolutionNode = FALSE
	EndGlobalSection
	GlobalSection(MonoDevelopProperties) = preSolution
		StartupItem = Assembly-CSharp.csproj
	EndGlobalSection
EndGlobal
